// !$*UTF8*$!
{
	archiveVersion = 1;
	classes = {
	};
	objectVersion = 46;
	objects = {

/* Begin PBXBuildFile section */
		D77A9CEC1C018D7900D8DAFF /* main.m in Sources */ = {isa = PBXBuildFile; fileRef = D77A9CEB1C018D7900D8DAFF /* main.m */; };
		D77A9CEF1C018D7900D8DAFF /* AppDelegate.m in Sources */ = {isa = PBXBuildFile; fileRef = D77A9CEE1C018D7900D8DAFF /* AppDelegate.m */; };
		D77A9CF21C018D7900D8DAFF /* ViewController.m in Sources */ = {isa = PBXBuildFile; fileRef = D77A9CF11C018D7900D8DAFF /* ViewController.m */; };
		D77A9CF51C018D7900D8DAFF /* Main.storyboard in Resources */ = {isa = PBXBuildFile; fileRef = D77A9CF31C018D7900D8DAFF /* Main.storyboard */; };
		D77A9CF71C018D7900D8DAFF /* Assets.xcassets in Resources */ = {isa = PBXBuildFile; fileRef = D77A9CF61C018D7900D8DAFF /* Assets.xcassets */; };
		D77A9CFA1C018D7900D8DAFF /* LaunchScreen.storyboard in Resources */ = {isa = PBXBuildFile; fileRef = D77A9CF81C018D7900D8DAFF /* LaunchScreen.storyboard */; };
		D77A9D061C018E1500D8DAFF /* Dock.m in Sources */ = {isa = PBXBuildFile; fileRef = D77A9D031C018E1500D8DAFF /* Dock.m */; };
		D77A9D071C018E1500D8DAFF /* DockItem.m in Sources */ = {isa = PBXBuildFile; fileRef = D77A9D051C018E1500D8DAFF /* DockItem.m */; };
		D77A9D0C1C018EE700D8DAFF /* FirstViewController.m in Sources */ = {isa = PBXBuildFile; fileRef = D77A9D0A1C018EE700D8DAFF /* FirstViewController.m */; };
		D77A9D0D1C018EE700D8DAFF /* FirstViewController.xib in Resources */ = {isa = PBXBuildFile; fileRef = D77A9D0B1C018EE700D8DAFF /* FirstViewController.xib */; };
/* End PBXBuildFile section */

/* Begin PBXFileReference section */
		D77A9CE71C018D7900D8DAFF /* AGBottomDock.app */ = {isa = PBXFileReference; explicitFileType = wrapper.application; includeInIndex = 0; path = AGBottomDock.app; sourceTree = BUILT_PRODUCTS_DIR; };
		D77A9CEB1C018D7900D8DAFF /* main.m */ = {isa = PBXFileReference; lastKnownFileType = sourcecode.c.objc; path = main.m; sourceTree = "<group>"; };
		D77A9CED1C018D7900D8DAFF /* AppDelegate.h */ = {isa = PBXFileReference; lastKnownFileType = sourcecode.c.h; path = AppDelegate.h; sourceTree = "<group>"; };
		D77A9CEE1C018D7900D8DAFF /* AppDelegate.m */ = {isa = PBXFileReference; lastKnownFileType = sourcecode.c.objc; path = AppDelegate.m; sourceTree = "<group>"; };
		D77A9CF01C018D7900D8DAFF /* ViewController.h */ = {isa = PBXFileReference; lastKnownFileType = sourcecode.c.h; path = ViewController.h; sourceTree = "<group>"; };
		D77A9CF11C018D7900D8DAFF /* ViewController.m */ = {isa = PBXFileReference; lastKnownFileType = sourcecode.c.objc; path = ViewController.m; sourceTree = "<group>"; };
		D77A9CF41C018D7900D8DAFF /* Base */ = {isa = PBXFileReference; lastKnownFileType = file.storyboard; name = Base; path = Base.lproj/Main.storyboard; sourceTree = "<group>"; };
		D77A9CF61C018D7900D8DAFF /* Assets.xcassets */ = {isa = PBXFileReference; lastKnownFileType = folder.assetcatalog; path = Assets.xcassets; sourceTree = "<group>"; };
		D77A9CF91C018D7900D8DAFF /* Base */ = {isa = PBXFileReference; lastKnownFileType = file.storyboard; name = Base; path = Base.lproj/LaunchScreen.storyboard; sourceTree = "<group>"; };
		D77A9CFB1C018D7900D8DAFF /* Info.plist */ = {isa = PBXFileReference; lastKnownFileType = text.plist.xml; path = Info.plist; sourceTree = "<group>"; };
		D77A9D021C018E1500D8DAFF /* Dock.h */ = {isa = PBXFileReference; fileEncoding = 4; lastKnownFileType = sourcecode.c.h; path = Dock.h; sourceTree = "<group>"; };
		D77A9D031C018E1500D8DAFF /* Dock.m */ = {isa = PBXFileReference; fileEncoding = 4; lastKnownFileType = sourcecode.c.objc; path = Dock.m; sourceTree = "<group>"; };
		D77A9D041C018E1500D8DAFF /* DockItem.h */ = {isa = PBXFileReference; fileEncoding = 4; lastKnownFileType = sourcecode.c.h; path = DockItem.h; sourceTree = "<group>"; };
		D77A9D051C018E1500D8DAFF /* DockItem.m */ = {isa = PBXFileReference; fileEncoding = 4; lastKnownFileType = sourcecode.c.objc; path = DockItem.m; sourceTree = "<group>"; };
		D77A9D091C018EE700D8DAFF /* FirstViewController.h */ = {isa = PBXFileReference; fileEncoding = 4; lastKnownFileType = sourcecode.c.h; path = FirstViewController.h; sourceTree = "<group>"; };
		D77A9D0A1C018EE700D8DAFF /* FirstViewController.m */ = {isa = PBXFileReference; fileEncoding = 4; lastKnownFileType = sourcecode.c.objc; path = FirstViewController.m; sourceTree = "<group>"; };
		D77A9D0B1C018EE700D8DAFF /* FirstViewController.xib */ = {isa = PBXFileReference; fileEncoding = 4; lastKnownFileType = file.xib; path = FirstViewController.xib; sourceTree = "<group>"; };
/* End PBXFileReference section */

/* Begin PBXFrameworksBuildPhase section */
		D77A9CE41C018D7900D8DAFF /* Frameworks */ = {
			isa = PBXFrameworksBuildPhase;
			buildActionMask = 2147483647;
			files = (
			);
			runOnlyForDeploymentPostprocessing = 0;
		};
/* End PBXFrameworksBuildPhase section */

/* Begin PBXGroup section */
		D77A9CDE1C018D7900D8DAFF = {
			isa = PBXGroup;
			children = (
				D77A9CE91C018D7900D8DAFF /* AGBottomDock */,
				D77A9CE81C018D7900D8DAFF /* Products */,
			);
			sourceTree = "<group>";
		};
		D77A9CE81C018D7900D8DAFF /* Products */ = {
			isa = PBXGroup;
			children = (
				D77A9CE71C018D7900D8DAFF /* AGBottomDock.app */,
			);
			name = Products;
			sourceTree = "<group>";
		};
		D77A9CE91C018D7900D8DAFF /* AGBottomDock */ = {
			isa = PBXGroup;
			children = (
				D77A9D081C018E9A00D8DAFF /* Controllers */,
				D77A9D011C018D9700D8DAFF /* Dock */,
				D77A9CED1C018D7900D8DAFF /* AppDelegate.h */,
				D77A9CEE1C018D7900D8DAFF /* AppDelegate.m */,
				D77A9CF01C018D7900D8DAFF /* ViewController.h */,
				D77A9CF11C018D7900D8DAFF /* ViewController.m */,
				D77A9CF31C018D7900D8DAFF /* Main.storyboard */,
				D77A9CF61C018D7900D8DAFF /* Assets.xcassets */,
				D77A9CF81C018D7900D8DAFF /* LaunchScreen.storyboard */,
				D77A9CFB1C018D7900D8DAFF /* Info.plist */,
				D77A9CEA1C018D7900D8DAFF /* Supporting Files */,
			);
			path = AGBottomDock;
			sourceTree = "<group>";
		};
		D77A9CEA1C018D7900D8DAFF /* Supporting Files */ = {
			isa = PBXGroup;
			children = (
				D77A9CEB1C018D7900D8DAFF /* main.m */,
			);
			name = "Supporting Files";
			sourceTree = "<group>";
		};
		D77A9D011C018D9700D8DAFF /* Dock */ = {
			isa = PBXGroup;
			children = (
				D77A9D021C018E1500D8DAFF /* Dock.h */,
				D77A9D031C018E1500D8DAFF /* Dock.m */,
				D77A9D041C018E1500D8DAFF /* DockItem.h */,
				D77A9D051C018E1500D8DAFF /* DockItem.m */,
			);
			path = Dock;
			sourceTree = "<group>";
		};
		D77A9D081C018E9A00D8DAFF /* Controllers */ = {
			isa = PBXGroup;
			children = (
				D77A9D091C018EE700D8DAFF /* FirstViewController.h */,
				D77A9D0A1C018EE700D8DAFF /* FirstViewController.m */,
				D77A9D0B1C018EE700D8DAFF /* FirstViewController.xib */,
			);
			path = Controllers;
			sourceTree = "<group>";
		};
/* End PBXGroup section */

/* Begin PBXNativeTarget section */
		D77A9CE61C018D7900D8DAFF /* AGBottomDock */ = {
			isa = PBXNativeTarget;
			buildConfigurationList = D77A9CFE1C018D7900D8DAFF /* Build configuration list for PBXNativeTarget "AGBottomDock" */;
			buildPhases = (
				D77A9CE31C018D7900D8DAFF /* Sources */,
				D77A9CE41C018D7900D8DAFF /* Frameworks */,
				D77A9CE51C018D7900D8DAFF /* Resources */,
			);
			buildRules = (
			);
			dependencies = (
			);
			name = AGBottomDock;
			productName = AGBottomDock;
			productReference = D77A9CE71C018D7900D8DAFF /* AGBottomDock.app */;
			productType = "com.apple.product-type.application";
		};
/* End PBXNativeTarget section */

/* Begin PBXProject section */
		D77A9CDF1C018D7900D8DAFF /* Project object */ = {
			isa = PBXProject;
			attributes = {
				LastUpgradeCheck = 0710;
				ORGANIZATIONNAME = Agenric;
				TargetAttributes = {
					D77A9CE61C018D7900D8DAFF = {
						CreatedOnToolsVersion = 7.1;
					};
				};
			};
			buildConfigurationList = D77A9CE21C018D7900D8DAFF /* Build configuration list for PBXProject "AGBottomDock" */;
			compatibilityVersion = "Xcode 3.2";
			developmentRegion = English;
			hasScannedForEncodings = 0;
			knownRegions = (
				en,
				Base,
			);
			mainGroup = D77A9CDE1C018D7900D8DAFF;
			productRefGroup = D77A9CE81C018D7900D8DAFF /* Products */;
			projectDirPath = "";
			projectRoot = "";
			targets = (
				D77A9CE61C018D7900D8DAFF /* AGBottomDock */,
			);
		};
/* End PBXProject section */

/* Begin PBXResourcesBuildPhase section */
		D77A9CE51C018D7900D8DAFF /* Resources */ = {
			isa = PBXResourcesBuildPhase;
			buildActionMask = 2147483647;
			files = (
				D77A9CFA1C018D7900D8DAFF /* LaunchScreen.storyboard in Resources */,
				D77A9CF71C018D7900D8DAFF /* Assets.xcassets in Resources */,
				D77A9CF51C018D7900D8DAFF /* Main.storyboard in Resources */,
				D77A9D0D1C018EE700D8DAFF /* FirstViewController.xib in Resources */,
			);
			runOnlyForDeploymentPostprocessing = 0;
		};
/* End PBXResourcesBuildPhase section */

/* Begin PBXSourcesBuildPhase section */
		D77A9CE31C018D7900D8DAFF /* Sources */ = {
			isa = PBXSourcesBuildPhase;
			buildActionMask = 2147483647;
			files = (
				D77A9CF21C018D7900D8DAFF /* ViewController.m in Sources */,
				D77A9D0C1C018EE700D8DAFF /* FirstViewController.m in Sources */,
				D77A9CEF1C018D7900D8DAFF /* AppDelegate.m in Sources */,
				D77A9D061C018E1500D8DAFF /* Dock.m in Sources */,
				D77A9D071C018E1500D8DAFF /* DockItem.m in Sources */,
				D77A9CEC1C018D7900D8DAFF /* main.m in Sources */,
			);
			runOnlyForDeploymentPostprocessing = 0;
		};
/* End PBXSourcesBuildPhase section */

/* Begin PBXVariantGroup section */
		D77A9CF31C018D7900D8DAFF /* Main.storyboard */ = {
			isa = PBXVariantGroup;
			children = (
				D77A9CF41C018D7900D8DAFF /* Base */,
			);
			name = Main.storyboard;
			sourceTree = "<group>";
		};
		D77A9CF81C018D7900D8DAFF /* LaunchScreen.storyboard */ = {
			isa = PBXVariantGroup;
			children = (
				D77A9CF91C018D7900D8DAFF /* Base */,
			);
			name = LaunchScreen.storyboard;
			sourceTree = "<group>";
		};
/* End PBXVariantGroup section */

/* Begin XCBuildConfiguration section */
		D77A9CFC1C018D7900D8DAFF /* Debug */ = {
			isa = XCBuildConfiguration;
			buildSettings = {
				ALWAYS_SEARCH_USER_PATHS = NO;
				CLANG_CXX_LANGUAGE_STANDARD = "gnu++0x";
				CLANG_CXX_LIBRARY = "libc++";
				CLANG_ENABLE_MODULES = YES;
				CLANG_ENABLE_OBJC_ARC = YES;
				CLANG_WARN_BOOL_CONVERSION = YES;
				CLANG_WARN_CONSTANT_CONVERSION = YES;
				CLANG_WARN_DIRECT_OBJC_ISA_USAGE = YES_ERROR;
				CLANG_WARN_EMPTY_BODY = YES;
				CLANG_WARN_ENUM_CONVERSION = YES;
				CLANG_WARN_INT_CONVERSION = YES;
				CLANG_WARN_OBJC_ROOT_CLASS = YES_ERROR;
				CLANG_WARN_UNREACHABLE_CODE = YES;
				CLANG_WARN__DUPLICATE_METHOD_MATCH = YES;
				"CODE_SIGN_IDENTITY[sdk=iphoneos*]" = "iPhone Developer";
				COPY_PHASE_STRIP = NO;
				DEBUG_INFORMATION_FORMAT = dwarf;
				ENABLE_STRICT_OBJC_MSGSEND = YES;
				ENABLE_TESTABILITY = YES;
				GCC_C_LANGUAGE_STANDARD = gnu99;
				GCC_DYNAMIC_NO_PIC = NO;
				GCC_NO_COMMON_BLOCKS = YES;
				GCC_OPTIMIZATION_LEVEL = 0;
				GCC_PREPROCESSOR_DEFINITIONS = (
					"DEBUG=1",
					"$(inherited)",
				);
				GCC_WARN_64_TO_32_BIT_CONVERSION = YES;
				GCC_WARN_ABOUT_RETURN_TYPE = YES_ERROR;
				GCC_WARN_UNDECLARED_SELECTOR = YES;
				GCC_WARN_UNINITIALIZED_AUTOS = YES_AGGRESSIVE;
				GCC_WARN_UNUSED_FUNCTION = YES;
				GCC_WARN_UNUSED_VARIABLE = YES;
				IPHONEOS_DEPLOYMENT_TARGET = 9.1;
				MTL_ENABLE_DEBUG_INFO = YES;
				ONLY_ACTIVE_ARCH = YES;
				SDKROOT = iphoneos;
			};
			name = Debug;
		};
		D77A9CFD1C018D7900D8DAFF /* Release */ = {
			isa = XCBuildConfiguration;
			buildSettings = {
				ALWAYS_SEARCH_USER_PATHS = NO;
				CLANG_CXX_LANGUAGE_STANDARD = "gnu++0x";
				CLANG_CXX_LIBRARY = "libc++";
				CLANG_ENABLE_MODULES = YES;
				CLANG_ENABLE_OBJC_ARC = YES;
				CLANG_WARN_BOOL_CONVERSION = YES;
				CLANG_WARN_CONSTANT_CONVERSION = YES;
				CLANG_WARN_DIRECT_OBJC_ISA_USAGE = YES_ERROR;
				CLANG_WARN_EMPTY_BODY = YES;
				CLANG_WARN_ENUM_CONVERSION = YES;
				CLANG_WARN_INT_CONVERSION = YES;
				CLANG_WARN_OBJC_ROOT_CLASS = YES_ERROR;
				CLANG_WARN_UNREACHABLE_CODE = YES;
				CLANG_WARN__DUPLICATE_METHOD_MATCH = YES;
				"CODE_SIGN_IDENTITY[sdk=iphoneos*]" = "iPhone Developer";
				COPY_PHASE_STRIP = NO;
				DEBUG_INFORMATION_FORMAT = "dwarf-with-dsym";
				ENABLE_NS_ASSERTIONS = NO;
				ENABLE_STRICT_OBJC_MSGSEND = YES;
				GCC_C_LANGUAGE_STANDARD = gnu99;
				GCC_NO_COMMON_BLOCKS = YES;
				GCC_WARN_64_TO_32_BIT_CONVERSION = YES;
				GCC_WARN_ABOUT_RETURN_TYPE = YES_ERROR;
				GCC_WARN_UNDECLARED_SELECTOR = YES;
				GCC_WARN_UNINITIALIZED_AUTOS = YES_AGGRESSIVE;
				GCC_WARN_UNUSED_FUNCTION = YES;
				GCC_WARN_UNUSED_VARIABLE = YES;
				IPHONEOS_DEPLOYMENT_TARGET = 9.1;
				MTL_ENABLE_DEBUG_INFO = NO;
				SDKROOT = iphoneos;
				VALIDATE_PRODUCT = YES;
			};
			name = Release;
		};
		D77A9CFF1C018D7900D8DAFF /* Debug */ = {
			isa = XCBuildConfiguration;
			buildSettings = {
				ASSETCATALOG_COMPILER_APPICON_NAME = AppIcon;
				INFOPLIST_FILE = AGBottomDock/Info.plist;
				LD_RUNPATH_SEARCH_PATHS = "$(inherited) @executable_path/Frameworks";
				PRODUCT_BUNDLE_IDENTIFIER = com.agenric.AGBottomDock;
				PRODUCT_NAME = "$(TARGET_NAME)";
			};
			name = Debug;
		};
		D77A9D001C018D7900D8DAFF /* Release */ = {
			isa = XCBuildConfiguration;
			buildSettings = {
				ASSETCATALOG_COMPILER_APPICON_NAME = AppIcon;
				INFOPLIST_FILE = AGBottomDock/Info.plist;
				LD_RUNPATH_SEARCH_PATHS = "$(inherited) @executable_path/Frameworks";
				PRODUCT_BUNDLE_IDENTIFIER = com.agenric.AGBottomDock;
				PRODUCT_NAME = "$(TARGET_NAME)";
			};
			name = Release;
		};
/* End XCBuildConfiguration section */

/* Begin XCConfigurationList section */
		D77A9CE21C018D7900D8DAFF /* Build configuration list for PBXProject "AGBottomDock" */ = {
			isa = XCConfigurationList;
			buildConfigurations = (
				D77A9CFC1C018D7900D8DAFF /* Debug */,
				D77A9CFD1C018D7900D8DAFF /* Release */,
			);
			defaultConfigurationIsVisible = 0;
			defaultConfigurationName = Release;
		};
		D77A9CFE1C018D7900D8DAFF /* Build configuration list for PBXNativeTarget "AGBottomDock" */ = {
			isa = XCConfigurationList;
			buildConfigurations = (
				D77A9CFF1C018D7900D8DAFF /* Debug */,
				D77A9D001C018D7900D8DAFF /* Release */,
			);
			defaultConfigurationIsVisible = 0;
		};
/* End XCConfigurationList section */
	};
	rootObject = D77A9CDF1C018D7900D8DAFF /* Project object */;
}
